Microsoft Visual Studio Solution File, Format Version 12.00
# Visual Studio Version 17
VisualStudioVersion = 17.5.2.0
MinimumVisualStudioVersion = 10.0.40219.1
Project("{FAE04EC0-301F-11D3-BF4B-00C04F79EFBC}") = "MiPrimerJuego", "MiPrimerJuego\MiPrimerJuego.csproj", "{19B4162E-7D8B-B7B1-DBFB-22C7DB676031}"
EndProject
Global
	GlobalSection(SolutionConfigurationPlatforms) = preSolution
		Debug|Any CPU = Debug|Any CPU
		Release|Any CPU = Release|Any CPU
	EndGlobalSection
	GlobalSection(ProjectConfigurationPlatforms) = postSolution
		{19B4162E-7D8B-B7B1-DBFB-22C7DB676031}.Debug|Any CPU.ActiveCfg = Debug|Any CPU
		{19B4162E-7D8B-B7B1-DBFB-22C7DB676031}.Debug|Any CPU.Build.0 = Debug|Any CPU
		{19B4162E-7D8B-B7B1-DBFB-22C7DB676031}.Release|Any CPU.ActiveCfg = Release|Any CPU
		{19B4162E-7D8B-B7B1-DBFB-22C7DB676031}.Release|Any CPU.Build.0 = Release|Any CPU
	EndGlobalSection
	GlobalSection(SolutionProperties) = preSolution
		HideSolutionNode = FALSE
	EndGlobalSection
	GlobalSection(ExtensibilityGlobals) = postSolution
		SolutionGuid = {D6D85800-24CC-4DE3-8C83-E42EC58FEED6}
	EndGlobalSection
EndGlobal
